// !$*UTF8*$!
{
	archiveVersion = 1;
	classes = {
	};
	objectVersion = 46;
	objects = {

/* Begin PBXBuildFile section */
		4837344F1C96659D001C1F42 /* AppDelegate.swift in Sources */ = {isa = PBXBuildFile; fileRef = 4837344E1C96659D001C1F42 /* AppDelegate.swift */; };
		483734541C96659D001C1F42 /* Main.storyboard in Resources */ = {isa = PBXBuildFile; fileRef = 483734521C96659D001C1F42 /* Main.storyboard */; };
		483734561C96659D001C1F42 /* Assets.xcassets in Resources */ = {isa = PBXBuildFile; fileRef = 483734551C96659D001C1F42 /* Assets.xcassets */; };
		483734591C96659D001C1F42 /* LaunchScreen.storyboard in Resources */ = {isa = PBXBuildFile; fileRef = 483734571C96659D001C1F42 /* LaunchScreen.storyboard */; };
		483734641C96659D001C1F42 /* WebSevicesDemoTests.swift in Sources */ = {isa = PBXBuildFile; fileRef = 483734631C96659D001C1F42 /* WebSevicesDemoTests.swift */; };
		483734711C966663001C1F42 /* PhotosViewController.swift in Sources */ = {isa = PBXBuildFile; fileRef = 483734701C966663001C1F42 /* PhotosViewController.swift */; };
		483734731C9666ED001C1F42 /* ServiceManager.swift in Sources */ = {isa = PBXBuildFile; fileRef = 483734721C9666ED001C1F42 /* ServiceManager.swift */; };
		483734A31C9723A4001C1F42 /* CollectionViewCell.swift in Sources */ = {isa = PBXBuildFile; fileRef = 483734A21C9723A4001C1F42 /* CollectionViewCell.swift */; };
		483734E41C990A67001C1F42 /* ImageCacheManager.swift in Sources */ = {isa = PBXBuildFile; fileRef = 483734E31C990A67001C1F42 /* ImageCacheManager.swift */; };
/* End PBXBuildFile section */

/* Begin PBXContainerItemProxy section */
		483734601C96659D001C1F42 /* PBXContainerItemProxy */ = {
			isa = PBXContainerItemProxy;
			containerPortal = 483734431C96659D001C1F42 /* Project object */;
			proxyType = 1;
			remoteGlobalIDString = 4837344A1C96659D001C1F42;
			remoteInfo = WebSevicesDemo;
		};
/* End PBXContainerItemProxy section */

/* Begin PBXFileReference section */
		4837344B1C96659D001C1F42 /* WebSevicesDemo.app */ = {isa = PBXFileReference; explicitFileType = wrapper.application; includeInIndex = 0; path = WebSevicesDemo.app; sourceTree = BUILT_PRODUCTS_DIR; };
		4837344E1C96659D001C1F42 /* AppDelegate.swift */ = {isa = PBXFileReference; lastKnownFileType = sourcecode.swift; path = AppDelegate.swift; sourceTree = "<group>"; };
		483734531C96659D001C1F42 /* Base */ = {isa = PBXFileReference; lastKnownFileType = file.storyboard; name = Base; path = Base.lproj/Main.storyboard; sourceTree = "<group>"; };
		483734551C96659D001C1F42 /* Assets.xcassets */ = {isa = PBXFileReference; lastKnownFileType = folder.assetcatalog; path = Assets.xcassets; sourceTree = "<group>"; };
		483734581C96659D001C1F42 /* Base */ = {isa = PBXFileReference; lastKnownFileType = file.storyboard; name = Base; path = Base.lproj/LaunchScreen.storyboard; sourceTree = "<group>"; };
		4837345A1C96659D001C1F42 /* Info.plist */ = {isa = PBXFileReference; lastKnownFileType = text.plist.xml; path = Info.plist; sourceTree = "<group>"; };
		4837345F1C96659D001C1F42 /* WebSevicesDemoTests.xctest */ = {isa = PBXFileReference; explicitFileType = wrapper.cfbundle; includeInIndex = 0; path = WebSevicesDemoTests.xctest; sourceTree = BUILT_PRODUCTS_DIR; };
		483734631C96659D001C1F42 /* WebSevicesDemoTests.swift */ = {isa = PBXFileReference; lastKnownFileType = sourcecode.swift; path = WebSevicesDemoTests.swift; sourceTree = "<group>"; };
		483734651C96659D001C1F42 /* Info.plist */ = {isa = PBXFileReference; lastKnownFileType = text.plist.xml; path = Info.plist; sourceTree = "<group>"; };
		483734701C966663001C1F42 /* PhotosViewController.swift */ = {isa = PBXFileReference; fileEncoding = 4; lastKnownFileType = sourcecode.swift; path = PhotosViewController.swift; sourceTree = "<group>"; };
		483734721C9666ED001C1F42 /* ServiceManager.swift */ = {isa = PBXFileReference; fileEncoding = 4; lastKnownFileType = sourcecode.swift; path = ServiceManager.swift; sourceTree = "<group>"; };
		483734A21C9723A4001C1F42 /* CollectionViewCell.swift */ = {isa = PBXFileReference; fileEncoding = 4; lastKnownFileType = sourcecode.swift; path = CollectionViewCell.swift; sourceTree = "<group>"; };
		483734E31C990A67001C1F42 /* ImageCacheManager.swift */ = {isa = PBXFileReference; fileEncoding = 4; lastKnownFileType = sourcecode.swift; path = ImageCacheManager.swift; sourceTree = "<group>"; };
/* End PBXFileReference section */

/* Begin PBXFrameworksBuildPhase section */
		483734481C96659D001C1F42 /* Frameworks */ = {
			isa = PBXFrameworksBuildPhase;
			buildActionMask = 2147483647;
			files = (
			);
			runOnlyForDeploymentPostprocessing = 0;
		};
		4837345C1C96659D001C1F42 /* Frameworks */ = {
			isa = PBXFrameworksBuildPhase;
			buildActionMask = 2147483647;
			files = (
			);
			runOnlyForDeploymentPostprocessing = 0;
		};
/* End PBXFrameworksBuildPhase section */

/* Begin PBXGroup section */
		483734421C96659D001C1F42 = {
			isa = PBXGroup;
			children = (
				4837344D1C96659D001C1F42 /* WebSevicesDemo */,
				483734621C96659D001C1F42 /* WebSevicesDemoTests */,
				4837344C1C96659D001C1F42 /* Products */,
			);
			sourceTree = "<group>";
		};
		4837344C1C96659D001C1F42 /* Products */ = {
			isa = PBXGroup;
			children = (
				4837344B1C96659D001C1F42 /* WebSevicesDemo.app */,
				4837345F1C96659D001C1F42 /* WebSevicesDemoTests.xctest */,
			);
			name = Products;
			sourceTree = "<group>";
		};
		4837344D1C96659D001C1F42 /* WebSevicesDemo */ = {
			isa = PBXGroup;
			children = (
				483734DD1C98FD7E001C1F42 /* app */,
				483734DF1C98FD8E001C1F42 /* view */,
				483734DE1C98FD85001C1F42 /* controller */,
				483734E11C98FD9E001C1F42 /* resources */,
				483734E21C990A51001C1F42 /* cache */,
				483734E01C98FD95001C1F42 /* service */,
			);
			path = WebSevicesDemo;
			sourceTree = "<group>";
		};
		483734621C96659D001C1F42 /* WebSevicesDemoTests */ = {
			isa = PBXGroup;
			children = (
				483734631C96659D001C1F42 /* WebSevicesDemoTests.swift */,
				483734651C96659D001C1F42 /* Info.plist */,
			);
			path = WebSevicesDemoTests;
			sourceTree = "<group>";
		};
		483734DD1C98FD7E001C1F42 /* app */ = {
			isa = PBXGroup;
			children = (
				4837344E1C96659D001C1F42 /* AppDelegate.swift */,
			);
			name = app;
			sourceTree = "<group>";
		};
		483734DE1C98FD85001C1F42 /* controller */ = {
			isa = PBXGroup;
			children = (
				483734701C966663001C1F42 /* PhotosViewController.swift */,
			);
			name = controller;
			sourceTree = "<group>";
		};
		483734DF1C98FD8E001C1F42 /* view */ = {
			isa = PBXGroup;
			children = (
				483734A21C9723A4001C1F42 /* CollectionViewCell.swift */,
			);
			name = view;
			sourceTree = "<group>";
		};
		483734E01C98FD95001C1F42 /* service */ = {
			isa = PBXGroup;
			children = (
				483734721C9666ED001C1F42 /* ServiceManager.swift */,
			);
			name = service;
			sourceTree = "<group>";
		};
		483734E11C98FD9E001C1F42 /* resources */ = {
			isa = PBXGroup;
			children = (
				483734521C96659D001C1F42 /* Main.storyboard */,
				483734551C96659D001C1F42 /* Assets.xcassets */,
				483734571C96659D001C1F42 /* LaunchScreen.storyboard */,
				4837345A1C96659D001C1F42 /* Info.plist */,
			);
			name = resources;
			sourceTree = "<group>";
		};
		483734E21C990A51001C1F42 /* cache */ = {
			isa = PBXGroup;
			children = (
				483734E31C990A67001C1F42 /* ImageCacheManager.swift */,
			);
			name = cache;
			sourceTree = "<group>";
		};
/* End PBXGroup section */

/* Begin PBXNativeTarget section */
		4837344A1C96659D001C1F42 /* WebSevicesDemo */ = {
			isa = PBXNativeTarget;
			buildConfigurationList = 483734681C96659D001C1F42 /* Build configuration list for PBXNativeTarget "WebSevicesDemo" */;
			buildPhases = (
				483734471C96659D001C1F42 /* Sources */,
				483734481C96659D001C1F42 /* Frameworks */,
				483734491C96659D001C1F42 /* Resources */,
			);
			buildRules = (
			);
			dependencies = (
			);
			name = WebSevicesDemo;
			productName = WebSevicesDemo;
			productReference = 4837344B1C96659D001C1F42 /* WebSevicesDemo.app */;
			productType = "com.apple.product-type.application";
		};
		4837345E1C96659D001C1F42 /* WebSevicesDemoTests */ = {
			isa = PBXNativeTarget;
			buildConfigurationList = 4837346B1C96659D001C1F42 /* Build configuration list for PBXNativeTarget "WebSevicesDemoTests" */;
			buildPhases = (
				4837345B1C96659D001C1F42 /* Sources */,
				4837345C1C96659D001C1F42 /* Frameworks */,
				4837345D1C96659D001C1F42 /* Resources */,
			);
			buildRules = (
			);
			dependencies = (
				483734611C96659D001C1F42 /* PBXTargetDependency */,
			);
			name = WebSevicesDemoTests;
			productName = WebSevicesDemoTests;
			productReference = 4837345F1C96659D001C1F42 /* WebSevicesDemoTests.xctest */;
			productType = "com.apple.product-type.bundle.unit-test";
		};
/* End PBXNativeTarget section */

/* Begin PBXProject section */
		483734431C96659D001C1F42 /* Project object */ = {
			isa = PBXProject;
			attributes = {
				LastSwiftUpdateCheck = 0720;
				LastUpgradeCheck = 0720;
				ORGANIZATIONNAME = "Ravi Shankar";
				TargetAttributes = {
					4837344A1C96659D001C1F42 = {
						CreatedOnToolsVersion = 7.2.1;
						LastSwiftMigration = 0830;
					};
					4837345E1C96659D001C1F42 = {
						CreatedOnToolsVersion = 7.2.1;
						LastSwiftMigration = 0830;
						TestTargetID = 4837344A1C96659D001C1F42;
					};
				};
			};
			buildConfigurationList = 483734461C96659D001C1F42 /* Build configuration list for PBXProject "WebSevicesDemo" */;
			compatibilityVersion = "Xcode 3.2";
			developmentRegion = English;
			hasScannedForEncodings = 0;
			knownRegions = (
				en,
				Base,
			);
			mainGroup = 483734421C96659D001C1F42;
			productRefGroup = 4837344C1C96659D001C1F42 /* Products */;
			projectDirPath = "";
			projectRoot = "";
			targets = (
				4837344A1C96659D001C1F42 /* WebSevicesDemo */,
				4837345E1C96659D001C1F42 /* WebSevicesDemoTests */,
			);
		};
/* End PBXProject section */

/* Begin PBXResourcesBuildPhase section */
		483734491C96659D001C1F42 /* Resources */ = {
			isa = PBXResourcesBuildPhase;
			buildActionMask = 2147483647;
			files = (
				483734591C96659D001C1F42 /* LaunchScreen.storyboard in Resources */,
				483734561C96659D001C1F42 /* Assets.xcassets in Resources */,
				483734541C96659D001C1F42 /* Main.storyboard in Resources */,
			);
			runOnlyForDeploymentPostprocessing = 0;
		};
		4837345D1C96659D001C1F42 /* Resources */ = {
			isa = PBXResourcesBuildPhase;
			buildActionMask = 2147483647;
			files = (
			);
			runOnlyForDeploymentPostprocessing = 0;
		};
/* End PBXResourcesBuildPhase section */

/* Begin PBXSourcesBuildPhase section */
		483734471C96659D001C1F42 /* Sources */ = {
			isa = PBXSourcesBuildPhase;
			buildActionMask = 2147483647;
			files = (
				4837344F1C96659D001C1F42 /* AppDelegate.swift in Sources */,
				483734711C966663001C1F42 /* PhotosViewController.swift in Sources */,
				483734E41C990A67001C1F42 /* ImageCacheManager.swift in Sources */,
				483734A31C9723A4001C1F42 /* CollectionViewCell.swift in Sources */,
				483734731C9666ED001C1F42 /* ServiceManager.swift in Sources */,
			);
			runOnlyForDeploymentPostprocessing = 0;
		};
		4837345B1C96659D001C1F42 /* Sources */ = {
			isa = PBXSourcesBuildPhase;
			buildActionMask = 2147483647;
			files = (
				483734641C96659D001C1F42 /* WebSevicesDemoTests.swift in Sources */,
			);
			runOnlyForDeploymentPostprocessing = 0;
		};
/* End PBXSourcesBuildPhase section */

/* Begin PBXTargetDependency section */
		483734611C96659D001C1F42 /* PBXTargetDependency */ = {
			isa = PBXTargetDependency;
			target = 4837344A1C96659D001C1F42 /* WebSevicesDemo */;
			targetProxy = 483734601C96659D001C1F42 /* PBXContainerItemProxy */;
		};
/* End PBXTargetDependency section */

/* Begin PBXVariantGroup section */
		483734521C96659D001C1F42 /* Main.storyboard */ = {
			isa = PBXVariantGroup;
			children = (
				483734531C96659D001C1F42 /* Base */,
			);
			name = Main.storyboard;
			sourceTree = "<group>";
		};
		483734571C96659D001C1F42 /* LaunchScreen.storyboard */ = {
			isa = PBXVariantGroup;
			children = (
				483734581C96659D001C1F42 /* Base */,
			);
			name = LaunchScreen.storyboard;
			sourceTree = "<group>";
		};
/* End PBXVariantGroup section */

/* Begin XCBuildConfiguration section */
		483734661C96659D001C1F42 /* Debug */ = {
			isa = XCBuildConfiguration;
			buildSettings = {
				ALWAYS_SEARCH_USER_PATHS = NO;
				CLANG_CXX_LANGUAGE_STANDARD = "gnu++0x";
				CLANG_CXX_LIBRARY = "libc++";
				CLANG_ENABLE_MODULES = YES;
				CLANG_ENABLE_OBJC_ARC = YES;
				CLANG_WARN_BOOL_CONVERSION = YES;
				CLANG_WARN_CONSTANT_CONVERSION = YES;
				CLANG_WARN_DIRECT_OBJC_ISA_USAGE = YES_ERROR;
				CLANG_WARN_EMPTY_BODY = YES;
				CLANG_WARN_ENUM_CONVERSION = YES;
				CLANG_WARN_INT_CONVERSION = YES;
				CLANG_WARN_OBJC_ROOT_CLASS = YES_ERROR;
				CLANG_WARN_UNREACHABLE_CODE = YES;
				CLANG_WARN__DUPLICATE_METHOD_MATCH = YES;
				"CODE_SIGN_IDENTITY[sdk=iphoneos*]" = "iPhone Developer";
				COPY_PHASE_STRIP = NO;
				DEBUG_INFORMATION_FORMAT = dwarf;
				ENABLE_STRICT_OBJC_MSGSEND = YES;
				ENABLE_TESTABILITY = YES;
				GCC_C_LANGUAGE_STANDARD = gnu99;
				GCC_DYNAMIC_NO_PIC = NO;
				GCC_NO_COMMON_BLOCKS = YES;
				GCC_OPTIMIZATION_LEVEL = 0;
				GCC_PREPROCESSOR_DEFINITIONS = (
					"DEBUG=1",
					"$(inherited)",
				);
				GCC_WARN_64_TO_32_BIT_CONVERSION = YES;
				GCC_WARN_ABOUT_RETURN_TYPE = YES_ERROR;
				GCC_WARN_UNDECLARED_SELECTOR = YES;
				GCC_WARN_UNINITIALIZED_AUTOS = YES_AGGRESSIVE;
				GCC_WARN_UNUSED_FUNCTION = YES;
				GCC_WARN_UNUSED_VARIABLE = YES;
				IPHONEOS_DEPLOYMENT_TARGET = 9.2;
				MTL_ENABLE_DEBUG_INFO = YES;
				ONLY_ACTIVE_ARCH = YES;
				SDKROOT = iphoneos;
				SWIFT_OPTIMIZATION_LEVEL = "-Onone";
			};
			name = Debug;
		};
		483734671C96659D001C1F42 /* Release */ = {
			isa = XCBuildConfiguration;
			buildSettings = {
				ALWAYS_SEARCH_USER_PATHS = NO;
				CLANG_CXX_LANGUAGE_STANDARD = "gnu++0x";
				CLANG_CXX_LIBRARY = "libc++";
				CLANG_ENABLE_MODULES = YES;
				CLANG_ENABLE_OBJC_ARC = YES;
				CLANG_WARN_BOOL_CONVERSION = YES;
				CLANG_WARN_CONSTANT_CONVERSION = YES;
				CLANG_WARN_DIRECT_OBJC_ISA_USAGE = YES_ERROR;
				CLANG_WARN_EMPTY_BODY = YES;
				CLANG_WARN_ENUM_CONVERSION = YES;
				CLANG_WARN_INT_CONVERSION = YES;
				CLANG_WARN_OBJC_ROOT_CLASS = YES_ERROR;
				CLANG_WARN_UNREACHABLE_CODE = YES;
				CLANG_WARN__DUPLICATE_METHOD_MATCH = YES;
				"CODE_SIGN_IDENTITY[sdk=iphoneos*]" = "iPhone Developer";
				COPY_PHASE_STRIP = NO;
				DEBUG_INFORMATION_FORMAT = "dwarf-with-dsym";
				ENABLE_NS_ASSERTIONS = NO;
				ENABLE_STRICT_OBJC_MSGSEND = YES;
				GCC_C_LANGUAGE_STANDARD = gnu99;
				GCC_NO_COMMON_BLOCKS = YES;
				GCC_WARN_64_TO_32_BIT_CONVERSION = YES;
				GCC_WARN_ABOUT_RETURN_TYPE = YES_ERROR;
				GCC_WARN_UNDECLARED_SELECTOR = YES;
				GCC_WARN_UNINITIALIZED_AUTOS = YES_AGGRESSIVE;
				GCC_WARN_UNUSED_FUNCTION = YES;
				GCC_WARN_UNUSED_VARIABLE = YES;
				IPHONEOS_DEPLOYMENT_TARGET = 9.2;
				MTL_ENABLE_DEBUG_INFO = NO;
				SDKROOT = iphoneos;
				VALIDATE_PRODUCT = YES;
			};
			name = Release;
		};
		483734691C96659D001C1F42 /* Debug */ = {
			isa = XCBuildConfiguration;
			buildSettings = {
				ASSETCATALOG_COMPILER_APPICON_NAME = AppIcon;
				INFOPLIST_FILE = WebSevicesDemo/Info.plist;
				LD_RUNPATH_SEARCH_PATHS = "$(inherited) @executable_path/Frameworks";
				PRODUCT_BUNDLE_IDENTIFIER = rshankar.com.WebSevicesDemo;
				PRODUCT_NAME = "$(TARGET_NAME)";
				SWIFT_VERSION = 3.0;
			};
			name = Debug;
		};
		4837346A1C96659D001C1F42 /* Release */ = {
			isa = XCBuildConfiguration;
			buildSettings = {
				ASSETCATALOG_COMPILER_APPICON_NAME = AppIcon;
				INFOPLIST_FILE = WebSevicesDemo/Info.plist;
				LD_RUNPATH_SEARCH_PATHS = "$(inherited) @executable_path/Frameworks";
				PRODUCT_BUNDLE_IDENTIFIER = rshankar.com.WebSevicesDemo;
				PRODUCT_NAME = "$(TARGET_NAME)";
				SWIFT_VERSION = 3.0;
			};
			name = Release;
		};
		4837346C1C96659D001C1F42 /* Debug */ = {
			isa = XCBuildConfiguration;
			buildSettings = {
				BUNDLE_LOADER = "$(TEST_HOST)";
				INFOPLIST_FILE = WebSevicesDemoTests/Info.plist;
				LD_RUNPATH_SEARCH_PATHS = "$(inherited) @executable_path/Frameworks @loader_path/Frameworks";
				PRODUCT_BUNDLE_IDENTIFIER = rshankar.com.WebSevicesDemoTests;
				PRODUCT_NAME = "$(TARGET_NAME)";
				SWIFT_VERSION = 3.0;
				TEST_HOST = "$(BUILT_PRODUCTS_DIR)/WebSevicesDemo.app/WebSevicesDemo";
			};
			name = Debug;
		};
		4837346D1C96659D001C1F42 /* Release */ = {
			isa = XCBuildConfiguration;
			buildSettings = {
				BUNDLE_LOADER = "$(TEST_HOST)";
				INFOPLIST_FILE = WebSevicesDemoTests/Info.plist;
				LD_RUNPATH_SEARCH_PATHS = "$(inherited) @executable_path/Frameworks @loader_path/Frameworks";
				PRODUCT_BUNDLE_IDENTIFIER = rshankar.com.WebSevicesDemoTests;
				PRODUCT_NAME = "$(TARGET_NAME)";
				SWIFT_VERSION = 3.0;
				TEST_HOST = "$(BUILT_PRODUCTS_DIR)/WebSevicesDemo.app/WebSevicesDemo";
			};
			name = Release;
		};
/* End XCBuildConfiguration section */

/* Begin XCConfigurationList section */
		483734461C96659D001C1F42 /* Build configuration list for PBXProject "WebSevicesDemo" */ = {
			isa = XCConfigurationList;
			buildConfigurations = (
				483734661C96659D001C1F42 /* Debug */,
				483734671C96659D001C1F42 /* Release */,
			);
			defaultConfigurationIsVisible = 0;
			defaultConfigurationName = Release;
		};
		483734681C96659D001C1F42 /* Build configuration list for PBXNativeTarget "WebSevicesDemo" */ = {
			isa = XCConfigurationList;
			buildConfigurations = (
				483734691C96659D001C1F42 /* Debug */,
				4837346A1C96659D001C1F42 /* Release */,
			);
			defaultConfigurationIsVisible = 0;
			defaultConfigurationName = Release;
		};
		4837346B1C96659D001C1F42 /* Build configuration list for PBXNativeTarget "WebSevicesDemoTests" */ = {
			isa = XCConfigurationList;
			buildConfigurations = (
				4837346C1C96659D001C1F42 /* Debug */,
				4837346D1C96659D001C1F42 /* Release */,
			);
			defaultConfigurationIsVisible = 0;
			defaultConfigurationName = Release;
		};
/* End XCConfigurationList section */
	};
	rootObject = 483734431C96659D001C1F42 /* Project object */;
}
